// !$*UTF8*$!
{
	archiveVersion = 1;
	classes = {
	};
	objectVersion = 46;
	objects = {

/* Begin PBXBuildFile section */
		F98FB3771C4FCFBF004653F8 /* AppDelegate.swift in Sources */ = {isa = PBXBuildFile; fileRef = F98FB3761C4FCFBF004653F8 /* AppDelegate.swift */; };
		F98FB3791C4FCFBF004653F8 /* ViewController.swift in Sources */ = {isa = PBXBuildFile; fileRef = F98FB3781C4FCFBF004653F8 /* ViewController.swift */; };
		F98FB37C1C4FCFBF004653F8 /* Main.storyboard in Resources */ = {isa = PBXBuildFile; fileRef = F98FB37A1C4FCFBF004653F8 /* Main.storyboard */; };
		F98FB37E1C4FCFBF004653F8 /* Assets.xcassets in Resources */ = {isa = PBXBuildFile; fileRef = F98FB37D1C4FCFBF004653F8 /* Assets.xcassets */; };
		F98FB3811C4FCFBF004653F8 /* LaunchScreen.storyboard in Resources */ = {isa = PBXBuildFile; fileRef = F98FB37F1C4FCFBF004653F8 /* LaunchScreen.storyboard */; };
/* End PBXBuildFile section */

/* Begin PBXFileReference section */
		F98FB3731C4FCFBF004653F8 /* show-your-app-glympe.app */ = {isa = PBXFileReference; explicitFileType = wrapper.application; includeInIndex = 0; path = "show-your-app-glympe.app"; sourceTree = BUILT_PRODUCTS_DIR; };
		F98FB3761C4FCFBF004653F8 /* AppDelegate.swift */ = {isa = PBXFileReference; lastKnownFileType = sourcecode.swift; path = AppDelegate.swift; sourceTree = "<group>"; };
		F98FB3781C4FCFBF004653F8 /* ViewController.swift */ = {isa = PBXFileReference; lastKnownFileType = sourcecode.swift; path = ViewController.swift; sourceTree = "<group>"; };
		F98FB37B1C4FCFBF004653F8 /* Base */ = {isa = PBXFileReference; lastKnownFileType = file.storyboard; name = Base; path = Base.lproj/Main.storyboard; sourceTree = "<group>"; };
		F98FB37D1C4FCFBF004653F8 /* Assets.xcassets */ = {isa = PBXFileReference; lastKnownFileType = folder.assetcatalog; path = Assets.xcassets; sourceTree = "<group>"; };
		F98FB3801C4FCFBF004653F8 /* Base */ = {isa = PBXFileReference; lastKnownFileType = file.storyboard; name = Base; path = Base.lproj/LaunchScreen.storyboard; sourceTree = "<group>"; };
		F98FB3821C4FCFBF004653F8 /* Info.plist */ = {isa = PBXFileReference; lastKnownFileType = text.plist.xml; path = Info.plist; sourceTree = "<group>"; };
/* End PBXFileReference section */

/* Begin PBXFrameworksBuildPhase section */
		F98FB3701C4FCFBF004653F8 /* Frameworks */ = {
			isa = PBXFrameworksBuildPhase;
			buildActionMask = 2147483647;
			files = (
			);
			runOnlyForDeploymentPostprocessing = 0;
		};
/* End PBXFrameworksBuildPhase section */

/* Begin PBXGroup section */
		F98FB36A1C4FCFBF004653F8 = {
			isa = PBXGroup;
			children = (
				F98FB3751C4FCFBF004653F8 /* show-your-app-glympe */,
				F98FB3741C4FCFBF004653F8 /* Products */,
			);
			sourceTree = "<group>";
		};
		F98FB3741C4FCFBF004653F8 /* Products */ = {
			isa = PBXGroup;
			children = (
				F98FB3731C4FCFBF004653F8 /* show-your-app-glympe.app */,
			);
			name = Products;
			sourceTree = "<group>";
		};
		F98FB3751C4FCFBF004653F8 /* show-your-app-glympe */ = {
			isa = PBXGroup;
			children = (
				F98FB3761C4FCFBF004653F8 /* AppDelegate.swift */,
				F98FB3781C4FCFBF004653F8 /* ViewController.swift */,
				F98FB37A1C4FCFBF004653F8 /* Main.storyboard */,
				F98FB37D1C4FCFBF004653F8 /* Assets.xcassets */,
				F98FB37F1C4FCFBF004653F8 /* LaunchScreen.storyboard */,
				F98FB3821C4FCFBF004653F8 /* Info.plist */,
			);
			path = "show-your-app-glympe";
			sourceTree = "<group>";
		};
/* End PBXGroup section */

/* Begin PBXNativeTarget section */
		F98FB3721C4FCFBF004653F8 /* show-your-app-glympe */ = {
			isa = PBXNativeTarget;
			buildConfigurationList = F98FB3851C4FCFBF004653F8 /* Build configuration list for PBXNativeTarget "show-your-app-glympe" */;
			buildPhases = (
				F98FB36F1C4FCFBF004653F8 /* Sources */,
				F98FB3701C4FCFBF004653F8 /* Frameworks */,
				F98FB3711C4FCFBF004653F8 /* Resources */,
			);
			buildRules = (
			);
			dependencies = (
			);
			name = "show-your-app-glympe";
			productName = "show-your-app-glympe";
			productReference = F98FB3731C4FCFBF004653F8 /* show-your-app-glympe.app */;
			productType = "com.apple.product-type.application";
		};
/* End PBXNativeTarget section */

/* Begin PBXProject section */
		F98FB36B1C4FCFBF004653F8 /* Project object */ = {
			isa = PBXProject;
			attributes = {
				LastSwiftUpdateCheck = 0720;
				LastUpgradeCheck = 0720;
				ORGANIZATIONNAME = glympe;
				TargetAttributes = {
					F98FB3721C4FCFBF004653F8 = {
						CreatedOnToolsVersion = 7.2;
					};
				};
			};
			buildConfigurationList = F98FB36E1C4FCFBF004653F8 /* Build configuration list for PBXProject "show-your-app-glympe" */;
			compatibilityVersion = "Xcode 3.2";
			developmentRegion = English;
			hasScannedForEncodings = 0;
			knownRegions = (
				en,
				Base,
			);
			mainGroup = F98FB36A1C4FCFBF004653F8;
			productRefGroup = F98FB3741C4FCFBF004653F8 /* Products */;
			projectDirPath = "";
			projectRoot = "";
			targets = (
				F98FB3721C4FCFBF004653F8 /* show-your-app-glympe */,
			);
		};
/* End PBXProject section */

/* Begin PBXResourcesBuildPhase section */
		F98FB3711C4FCFBF004653F8 /* Resources */ = {
			isa = PBXResourcesBuildPhase;
			buildActionMask = 2147483647;
			files = (
				F98FB3811C4FCFBF004653F8 /* LaunchScreen.storyboard in Resources */,
				F98FB37E1C4FCFBF004653F8 /* Assets.xcassets in Resources */,
				F98FB37C1C4FCFBF004653F8 /* Main.storyboard in Resources */,
			);
			runOnlyForDeploymentPostprocessing = 0;
		};
/* End PBXResourcesBuildPhase section */

/* Begin PBXSourcesBuildPhase section */
		F98FB36F1C4FCFBF004653F8 /* Sources */ = {
			isa = PBXSourcesBuildPhase;
			buildActionMask = 2147483647;
			files = (
				F98FB3791C4FCFBF004653F8 /* ViewController.swift in Sources */,
				F98FB3771C4FCFBF004653F8 /* AppDelegate.swift in Sources */,
			);
			runOnlyForDeploymentPostprocessing = 0;
		};
/* End PBXSourcesBuildPhase section */

/* Begin PBXVariantGroup section */
		F98FB37A1C4FCFBF004653F8 /* Main.storyboard */ = {
			isa = PBXVariantGroup;
			children = (
				F98FB37B1C4FCFBF004653F8 /* Base */,
			);
			name = Main.storyboard;
			sourceTree = "<group>";
		};
		F98FB37F1C4FCFBF004653F8 /* LaunchScreen.storyboard */ = {
			isa = PBXVariantGroup;
			children = (
				F98FB3801C4FCFBF004653F8 /* Base */,
			);
			name = LaunchScreen.storyboard;
			sourceTree = "<group>";
		};
/* End PBXVariantGroup section */

/* Begin XCBuildConfiguration section */
		F98FB3831C4FCFBF004653F8 /* Debug */ = {
			isa = XCBuildConfiguration;
			buildSettings = {
				ALWAYS_SEARCH_USER_PATHS = NO;
				CLANG_CXX_LANGUAGE_STANDARD = "gnu++0x";
				CLANG_CXX_LIBRARY = "libc++";
				CLANG_ENABLE_MODULES = YES;
				CLANG_ENABLE_OBJC_ARC = YES;
				CLANG_WARN_BOOL_CONVERSION = YES;
				CLANG_WARN_CONSTANT_CONVERSION = YES;
				CLANG_WARN_DIRECT_OBJC_ISA_USAGE = YES_ERROR;
				CLANG_WARN_EMPTY_BODY = YES;
				CLANG_WARN_ENUM_CONVERSION = YES;
				CLANG_WARN_INT_CONVERSION = YES;
				CLANG_WARN_OBJC_ROOT_CLASS = YES_ERROR;
				CLANG_WARN_UNREACHABLE_CODE = YES;
				CLANG_WARN__DUPLICATE_METHOD_MATCH = YES;
				"CODE_SIGN_IDENTITY[sdk=iphoneos*]" = "iPhone Developer";
				COPY_PHASE_STRIP = NO;
				DEBUG_INFORMATION_FORMAT = dwarf;
				ENABLE_STRICT_OBJC_MSGSEND = YES;
				ENABLE_TESTABILITY = YES;
				GCC_C_LANGUAGE_STANDARD = gnu99;
				GCC_DYNAMIC_NO_PIC = NO;
				GCC_NO_COMMON_BLOCKS = YES;
				GCC_OPTIMIZATION_LEVEL = 0;
				GCC_PREPROCESSOR_DEFINITIONS = (
					"DEBUG=1",
					"$(inherited)",
				);
				GCC_WARN_64_TO_32_BIT_CONVERSION = YES;
				GCC_WARN_ABOUT_RETURN_TYPE = YES_ERROR;
				GCC_WARN_UNDECLARED_SELECTOR = YES;
				GCC_WARN_UNINITIALIZED_AUTOS = YES_AGGRESSIVE;
				GCC_WARN_UNUSED_FUNCTION = YES;
				GCC_WARN_UNUSED_VARIABLE = YES;
				IPHONEOS_DEPLOYMENT_TARGET = 9.2;
				MTL_ENABLE_DEBUG_INFO = YES;
				ONLY_ACTIVE_ARCH = YES;
				SDKROOT = iphoneos;
				SWIFT_OPTIMIZATION_LEVEL = "-Onone";
				TARGETED_DEVICE_FAMILY = "1,2";
			};
			name = Debug;
		};
		F98FB3841C4FCFBF004653F8 /* Release */ = {
			isa = XCBuildConfiguration;
			buildSettings = {
				ALWAYS_SEARCH_USER_PATHS = NO;
				CLANG_CXX_LANGUAGE_STANDARD = "gnu++0x";
				CLANG_CXX_LIBRARY = "libc++";
				CLANG_ENABLE_MODULES = YES;
				CLANG_ENABLE_OBJC_ARC = YES;
				CLANG_WARN_BOOL_CONVERSION = YES;
				CLANG_WARN_CONSTANT_CONVERSION = YES;
				CLANG_WARN_DIRECT_OBJC_ISA_USAGE = YES_ERROR;
				CLANG_WARN_EMPTY_BODY = YES;
				CLANG_WARN_ENUM_CONVERSION = YES;
				CLANG_WARN_INT_CONVERSION = YES;
				CLANG_WARN_OBJC_ROOT_CLASS = YES_ERROR;
				CLANG_WARN_UNREACHABLE_CODE = YES;
				CLANG_WARN__DUPLICATE_METHOD_MATCH = YES;
				"CODE_SIGN_IDENTITY[sdk=iphoneos*]" = "iPhone Developer";
				COPY_PHASE_STRIP = NO;
				DEBUG_INFORMATION_FORMAT = "dwarf-with-dsym";
				ENABLE_NS_ASSERTIONS = NO;
				ENABLE_STRICT_OBJC_MSGSEND = YES;
				GCC_C_LANGUAGE_STANDARD = gnu99;
				GCC_NO_COMMON_BLOCKS = YES;
				GCC_WARN_64_TO_32_BIT_CONVERSION = YES;
				GCC_WARN_ABOUT_RETURN_TYPE = YES_ERROR;
				GCC_WARN_UNDECLARED_SELECTOR = YES;
				GCC_WARN_UNINITIALIZED_AUTOS = YES_AGGRESSIVE;
				GCC_WARN_UNUSED_FUNCTION = YES;
				GCC_WARN_UNUSED_VARIABLE = YES;
				IPHONEOS_DEPLOYMENT_TARGET = 9.2;
				MTL_ENABLE_DEBUG_INFO = NO;
				SDKROOT = iphoneos;
				TARGETED_DEVICE_FAMILY = "1,2";
				VALIDATE_PRODUCT = YES;
			};
			name = Release;
		};
		F98FB3861C4FCFBF004653F8 /* Debug */ = {
			isa = XCBuildConfiguration;
			buildSettings = {
				ASSETCATALOG_COMPILER_APPICON_NAME = AppIcon;
				INFOPLIST_FILE = "show-your-app-glympe/Info.plist";
				LD_RUNPATH_SEARCH_PATHS = "$(inherited) @executable_path/Frameworks";
				PRODUCT_BUNDLE_IDENTIFIER = "com.glympe.show-your-app-glympe";
				PRODUCT_NAME = "$(TARGET_NAME)";
			};
			name = Debug;
		};
		F98FB3871C4FCFBF004653F8 /* Release */ = {
			isa = XCBuildConfiguration;
			buildSettings = {
				ASSETCATALOG_COMPILER_APPICON_NAME = AppIcon;
				INFOPLIST_FILE = "show-your-app-glympe/Info.plist";
				LD_RUNPATH_SEARCH_PATHS = "$(inherited) @executable_path/Frameworks";
				PRODUCT_BUNDLE_IDENTIFIER = "com.glympe.show-your-app-glympe";
				PRODUCT_NAME = "$(TARGET_NAME)";
			};
			name = Release;
		};
/* End XCBuildConfiguration section */

/* Begin XCConfigurationList section */
		F98FB36E1C4FCFBF004653F8 /* Build configuration list for PBXProject "show-your-app-glympe" */ = {
			isa = XCConfigurationList;
			buildConfigurations = (
				F98FB3831C4FCFBF004653F8 /* Debug */,
				F98FB3841C4FCFBF004653F8 /* Release */,
			);
			defaultConfigurationIsVisible = 0;
			defaultConfigurationName = Release;
		};
		F98FB3851C4FCFBF004653F8 /* Build configuration list for PBXNativeTarget "show-your-app-glympe" */ = {
			isa = XCConfigurationList;
			buildConfigurations = (
				F98FB3861C4FCFBF004653F8 /* Debug */,
				F98FB3871C4FCFBF004653F8 /* Release */,
			);
			defaultConfigurationIsVisible = 0;
		};
/* End XCConfigurationList section */
	};
	rootObject = F98FB36B1C4FCFBF004653F8 /* Project object */;
}
